// !$*UTF8*$!
{
	archiveVersion = 1;
	classes = {
	};
	objectVersion = 50;
	objects = {

/* Begin PBXBuildFile section */
		3049A3A22321221100790895 /* main.cpp in Sources */ = {isa = PBXBuildFile; fileRef = 3049A3A12321221100790895 /* main.cpp */; };
		30733D0D2344AD1600B3E832 /* main.cpp in Sources */ = {isa = PBXBuildFile; fileRef = 30733D0C2344AD1600B3E832 /* main.cpp */; };
		30FAF36423168701008F3BF3 /* main.c in Sources */ = {isa = PBXBuildFile; fileRef = 30FAF36323168701008F3BF3 /* main.c */; };
/* End PBXBuildFile section */

/* Begin PBXCopyFilesBuildPhase section */
		3049A39D2321221100790895 /* CopyFiles */ = {
			isa = PBXCopyFilesBuildPhase;
			buildActionMask = 2147483647;
			dstPath = /usr/share/man/man1/;
			dstSubfolderSpec = 0;
			files = (
			);
			runOnlyForDeploymentPostprocessing = 1;
		};
		30733D082344AD1600B3E832 /* CopyFiles */ = {
			isa = PBXCopyFilesBuildPhase;
			buildActionMask = 2147483647;
			dstPath = /usr/share/man/man1/;
			dstSubfolderSpec = 0;
			files = (
			);
			runOnlyForDeploymentPostprocessing = 1;
		};
		30FAF35E23168701008F3BF3 /* CopyFiles */ = {
			isa = PBXCopyFilesBuildPhase;
			buildActionMask = 2147483647;
			dstPath = /usr/share/man/man1/;
			dstSubfolderSpec = 0;
			files = (
			);
			runOnlyForDeploymentPostprocessing = 1;
		};
/* End PBXCopyFilesBuildPhase section */

/* Begin PBXFileReference section */
		3049A39F2321221100790895 /* shame */ = {isa = PBXFileReference; explicitFileType = "compiled.mach-o.executable"; includeInIndex = 0; path = shame; sourceTree = BUILT_PRODUCTS_DIR; };
		3049A3A12321221100790895 /* main.cpp */ = {isa = PBXFileReference; lastKnownFileType = sourcecode.cpp.cpp; path = main.cpp; sourceTree = "<group>"; };
		30733D0A2344AD1600B3E832 /* shame1 */ = {isa = PBXFileReference; explicitFileType = "compiled.mach-o.executable"; includeInIndex = 0; path = shame1; sourceTree = BUILT_PRODUCTS_DIR; };
		30733D0C2344AD1600B3E832 /* main.cpp */ = {isa = PBXFileReference; lastKnownFileType = sourcecode.cpp.cpp; path = main.cpp; sourceTree = "<group>"; };
		30FAF36023168701008F3BF3 /* codechef_fibonacci_number */ = {isa = PBXFileReference; explicitFileType = "compiled.mach-o.executable"; includeInIndex = 0; path = codechef_fibonacci_number; sourceTree = BUILT_PRODUCTS_DIR; };
		30FAF36323168701008F3BF3 /* main.c */ = {isa = PBXFileReference; lastKnownFileType = sourcecode.c.c; path = main.c; sourceTree = "<group>"; };
/* End PBXFileReference section */

/* Begin PBXFrameworksBuildPhase section */
		3049A39C2321221100790895 /* Frameworks */ = {
			isa = PBXFrameworksBuildPhase;
			buildActionMask = 2147483647;
			files = (
			);
			runOnlyForDeploymentPostprocessing = 0;
		};
		30733D072344AD1600B3E832 /* Frameworks */ = {
			isa = PBXFrameworksBuildPhase;
			buildActionMask = 2147483647;
			files = (
			);
			runOnlyForDeploymentPostprocessing = 0;
		};
		30FAF35D23168701008F3BF3 /* Frameworks */ = {
			isa = PBXFrameworksBuildPhase;
			buildActionMask = 2147483647;
			files = (
			);
			runOnlyForDeploymentPostprocessing = 0;
		};
/* End PBXFrameworksBuildPhase section */

/* Begin PBXGroup section */
		3049A3A02321221100790895 /* shame */ = {
			isa = PBXGroup;
			children = (
				3049A3A12321221100790895 /* main.cpp */,
			);
			path = shame;
			sourceTree = "<group>";
		};
		30733D0B2344AD1600B3E832 /* shame1 */ = {
			isa = PBXGroup;
			children = (
				30733D0C2344AD1600B3E832 /* main.cpp */,
			);
			path = shame1;
			sourceTree = "<group>";
		};
		30FAF35723168700008F3BF3 = {
			isa = PBXGroup;
			children = (
				30FAF36223168701008F3BF3 /* codechef_fibonacci_number */,
				3049A3A02321221100790895 /* shame */,
				30733D0B2344AD1600B3E832 /* shame1 */,
				30FAF36123168701008F3BF3 /* Products */,
			);
			sourceTree = "<group>";
		};
		30FAF36123168701008F3BF3 /* Products */ = {
			isa = PBXGroup;
			children = (
				30FAF36023168701008F3BF3 /* codechef_fibonacci_number */,
				3049A39F2321221100790895 /* shame */,
				30733D0A2344AD1600B3E832 /* shame1 */,
			);
			name = Products;
			sourceTree = "<group>";
		};
		30FAF36223168701008F3BF3 /* codechef_fibonacci_number */ = {
			isa = PBXGroup;
			children = (
				30FAF36323168701008F3BF3 /* main.c */,
			);
			path = codechef_fibonacci_number;
			sourceTree = "<group>";
		};
/* End PBXGroup section */

/* Begin PBXNativeTarget section */
		3049A39E2321221100790895 /* shame */ = {
			isa = PBXNativeTarget;
			buildConfigurationList = 3049A3A52321221100790895 /* Build configuration list for PBXNativeTarget "shame" */;
			buildPhases = (
				3049A39B2321221100790895 /* Sources */,
				3049A39C2321221100790895 /* Frameworks */,
				3049A39D2321221100790895 /* CopyFiles */,
			);
			buildRules = (
			);
			dependencies = (
			);
			name = shame;
			productName = shame;
			productReference = 3049A39F2321221100790895 /* shame */;
			productType = "com.apple.product-type.tool";
		};
		30733D092344AD1600B3E832 /* shame1 */ = {
			isa = PBXNativeTarget;
			buildConfigurationList = 30733D0E2344AD1600B3E832 /* Build configuration list for PBXNativeTarget "shame1" */;
			buildPhases = (
				30733D062344AD1600B3E832 /* Sources */,
				30733D072344AD1600B3E832 /* Frameworks */,
				30733D082344AD1600B3E832 /* CopyFiles */,
			);
			buildRules = (
			);
			dependencies = (
			);
			name = shame1;
			productName = shame1;
			productReference = 30733D0A2344AD1600B3E832 /* shame1 */;
			productType = "com.apple.product-type.tool";
		};
		30FAF35F23168701008F3BF3 /* codechef_fibonacci_number */ = {
			isa = PBXNativeTarget;
			buildConfigurationList = 30FAF36723168701008F3BF3 /* Build configuration list for PBXNativeTarget "codechef_fibonacci_number" */;
			buildPhases = (
				30FAF35C23168701008F3BF3 /* Sources */,
				30FAF35D23168701008F3BF3 /* Frameworks */,
				30FAF35E23168701008F3BF3 /* CopyFiles */,
			);
			buildRules = (
			);
			dependencies = (
			);
			name = codechef_fibonacci_number;
			productName = codechef_fibonacci_number;
			productReference = 30FAF36023168701008F3BF3 /* codechef_fibonacci_number */;
			productType = "com.apple.product-type.tool";
		};
/* End PBXNativeTarget section */

/* Begin PBXProject section */
		30FAF35823168700008F3BF3 /* Project object */ = {
			isa = PBXProject;
			attributes = {
				LastUpgradeCheck = 0940;
				ORGANIZATIONNAME = "ernesto alvarado";
				TargetAttributes = {
					3049A39E2321221100790895 = {
						CreatedOnToolsVersion = 9.4.1;
					};
					30733D092344AD1600B3E832 = {
						CreatedOnToolsVersion = 9.4.1;
					};
					30FAF35F23168701008F3BF3 = {
						CreatedOnToolsVersion = 9.4.1;
					};
				};
			};
			buildConfigurationList = 30FAF35B23168701008F3BF3 /* Build configuration list for PBXProject "codechef_fibonacci_number" */;
			compatibilityVersion = "Xcode 9.3";
			developmentRegion = en;
			hasScannedForEncodings = 0;
			knownRegions = (
				en,
			);
			mainGroup = 30FAF35723168700008F3BF3;
			productRefGroup = 30FAF36123168701008F3BF3 /* Products */;
			projectDirPath = "";
			projectRoot = "";
			targets = (
				30FAF35F23168701008F3BF3 /* codechef_fibonacci_number */,
				3049A39E2321221100790895 /* shame */,
				30733D092344AD1600B3E832 /* shame1 */,
			);
		};
/* End PBXProject section */

/* Begin PBXSourcesBuildPhase section */
		3049A39B2321221100790895 /* Sources */ = {
			isa = PBXSourcesBuildPhase;
			buildActionMask = 2147483647;
			files = (
				3049A3A22321221100790895 /* main.cpp in Sources */,
			);
			runOnlyForDeploymentPostprocessing = 0;
		};
		30733D062344AD1600B3E832 /* Sources */ = {
			isa = PBXSourcesBuildPhase;
			buildActionMask = 2147483647;
			files = (
				30733D0D2344AD1600B3E832 /* main.cpp in Sources */,
			);
			runOnlyForDeploymentPostprocessing = 0;
		};
		30FAF35C23168701008F3BF3 /* Sources */ = {
			isa = PBXSourcesBuildPhase;
			buildActionMask = 2147483647;
			files = (
				30FAF36423168701008F3BF3 /* main.c in Sources */,
			);
			runOnlyForDeploymentPostprocessing = 0;
		};
/* End PBXSourcesBuildPhase section */

/* Begin XCBuildConfiguration section */
		3049A3A32321221100790895 /* Debug */ = {
			isa = XCBuildConfiguration;
			buildSettings = {
				CODE_SIGN_STYLE = Automatic;
				PRODUCT_NAME = "$(TARGET_NAME)";
			};
			name = Debug;
		};
		3049A3A42321221100790895 /* Release */ = {
			isa = XCBuildConfiguration;
			buildSettings = {
				CODE_SIGN_STYLE = Automatic;
				PRODUCT_NAME = "$(TARGET_NAME)";
			};
			name = Release;
		};
		30733D0F2344AD1600B3E832 /* Debug */ = {
			isa = XCBuildConfiguration;
			buildSettings = {
				CODE_SIGN_STYLE = Automatic;
				PRODUCT_NAME = "$(TARGET_NAME)";
			};
			name = Debug;
		};
		30733D102344AD1600B3E832 /* Release */ = {
			isa = XCBuildConfiguration;
			buildSettings = {
				CODE_SIGN_STYLE = Automatic;
				PRODUCT_NAME = "$(TARGET_NAME)";
			};
			name = Release;
		};
		30FAF36523168701008F3BF3 /* Debug */ = {
			isa = XCBuildConfiguration;
			buildSettings = {
				ALWAYS_SEARCH_USER_PATHS = NO;
				CLANG_ANALYZER_NONNULL = YES;
				CLANG_ANALYZER_NUMBER_OBJECT_CONVERSION = YES_AGGRESSIVE;
				CLANG_CXX_LANGUAGE_STANDARD = "gnu++14";
				CLANG_CXX_LIBRARY = "libc++";
				CLANG_ENABLE_MODULES = YES;
				CLANG_ENABLE_OBJC_ARC = YES;
				CLANG_ENABLE_OBJC_WEAK = YES;
				CLANG_WARN_BLOCK_CAPTURE_AUTORELEASING = YES;
				CLANG_WARN_BOOL_CONVERSION = YES;
				CLANG_WARN_COMMA = YES;
				CLANG_WARN_CONSTANT_CONVERSION = YES;
				CLANG_WARN_DEPRECATED_OBJC_IMPLEMENTATIONS = YES;
				CLANG_WARN_DIRECT_OBJC_ISA_USAGE = YES_ERROR;
				CLANG_WARN_DOCUMENTATION_COMMENTS = YES;
				CLANG_WARN_EMPTY_BODY = YES;
				CLANG_WARN_ENUM_CONVERSION = YES;
				CLANG_WARN_INFINITE_RECURSION = YES;
				CLANG_WARN_INT_CONVERSION = YES;
				CLANG_WARN_NON_LITERAL_NULL_CONVERSION = YES;
				CLANG_WARN_OBJC_IMPLICIT_RETAIN_SELF = YES;
				CLANG_WARN_OBJC_LITERAL_CONVERSION = YES;
				CLANG_WARN_OBJC_ROOT_CLASS = YES_ERROR;
				CLANG_WARN_RANGE_LOOP_ANALYSIS = YES;
				CLANG_WARN_STRICT_PROTOTYPES = YES;
				CLANG_WARN_SUSPICIOUS_MOVE = YES;
				CLANG_WARN_UNGUARDED_AVAILABILITY = YES_AGGRESSIVE;
				CLANG_WARN_UNREACHABLE_CODE = YES;
				CLANG_WARN__DUPLICATE_METHOD_MATCH = YES;
				CODE_SIGN_IDENTITY = "-";
				COPY_PHASE_STRIP = NO;
				DEBUG_INFORMATION_FORMAT = dwarf;
				ENABLE_STRICT_OBJC_MSGSEND = YES;
				ENABLE_TESTABILITY = YES;
				GCC_C_LANGUAGE_STANDARD = gnu11;
				GCC_DYNAMIC_NO_PIC = NO;
				GCC_NO_COMMON_BLOCKS = YES;
				GCC_OPTIMIZATION_LEVEL = 0;
				GCC_PREPROCESSOR_DEFINITIONS = (
					"DEBUG=1",
					"$(inherited)",
				);
				GCC_WARN_64_TO_32_BIT_CONVERSION = YES;
				GCC_WARN_ABOUT_RETURN_TYPE = YES_ERROR;
				GCC_WARN_UNDECLARED_SELECTOR = YES;
				GCC_WARN_UNINITIALIZED_AUTOS = YES_AGGRESSIVE;
				GCC_WARN_UNUSED_FUNCTION = YES;
				GCC_WARN_UNUSED_VARIABLE = YES;
				MACOSX_DEPLOYMENT_TARGET = 10.13;
				MTL_ENABLE_DEBUG_INFO = YES;
				ONLY_ACTIVE_ARCH = YES;
				SDKROOT = macosx;
			};
			name = Debug;
		};
		30FAF36623168701008F3BF3 /* Release */ = {
			isa = XCBuildConfiguration;
			buildSettings = {
				ALWAYS_SEARCH_USER_PATHS = NO;
				CLANG_ANALYZER_NONNULL = YES;
				CLANG_ANALYZER_NUMBER_OBJECT_CONVERSION = YES_AGGRESSIVE;
				CLANG_CXX_LANGUAGE_STANDARD = "gnu++14";
				CLANG_CXX_LIBRARY = "libc++";
				CLANG_ENABLE_MODULES = YES;
				CLANG_ENABLE_OBJC_ARC = YES;
				CLANG_ENABLE_OBJC_WEAK = YES;
				CLANG_WARN_BLOCK_CAPTURE_AUTORELEASING = YES;
				CLANG_WARN_BOOL_CONVERSION = YES;
				CLANG_WARN_COMMA = YES;
				CLANG_WARN_CONSTANT_CONVERSION = YES;
				CLANG_WARN_DEPRECATED_OBJC_IMPLEMENTATIONS = YES;
				CLANG_WARN_DIRECT_OBJC_ISA_USAGE = YES_ERROR;
				CLANG_WARN_DOCUMENTATION_COMMENTS = YES;
				CLANG_WARN_EMPTY_BODY = YES;
				CLANG_WARN_ENUM_CONVERSION = YES;
				CLANG_WARN_INFINITE_RECURSION = YES;
				CLANG_WARN_INT_CONVERSION = YES;
				CLANG_WARN_NON_LITERAL_NULL_CONVERSION = YES;
				CLANG_WARN_OBJC_IMPLICIT_RETAIN_SELF = YES;
				CLANG_WARN_OBJC_LITERAL_CONVERSION = YES;
				CLANG_WARN_OBJC_ROOT_CLASS = YES_ERROR;
				CLANG_WARN_RANGE_LOOP_ANALYSIS = YES;
				CLANG_WARN_STRICT_PROTOTYPES = YES;
				CLANG_WARN_SUSPICIOUS_MOVE = YES;
				CLANG_WARN_UNGUARDED_AVAILABILITY = YES_AGGRESSIVE;
				CLANG_WARN_UNREACHABLE_CODE = YES;
				CLANG_WARN__DUPLICATE_METHOD_MATCH = YES;
				CODE_SIGN_IDENTITY = "-";
				COPY_PHASE_STRIP = NO;
				DEBUG_INFORMATION_FORMAT = "dwarf-with-dsym";
				ENABLE_NS_ASSERTIONS = NO;
				ENABLE_STRICT_OBJC_MSGSEND = YES;
				GCC_C_LANGUAGE_STANDARD = gnu11;
				GCC_NO_COMMON_BLOCKS = YES;
				GCC_WARN_64_TO_32_BIT_CONVERSION = YES;
				GCC_WARN_ABOUT_RETURN_TYPE = YES_ERROR;
				GCC_WARN_UNDECLARED_SELECTOR = YES;
				GCC_WARN_UNINITIALIZED_AUTOS = YES_AGGRESSIVE;
				GCC_WARN_UNUSED_FUNCTION = YES;
				GCC_WARN_UNUSED_VARIABLE = YES;
				MACOSX_DEPLOYMENT_TARGET = 10.13;
				MTL_ENABLE_DEBUG_INFO = NO;
				SDKROOT = macosx;
			};
			name = Release;
		};
		30FAF36823168701008F3BF3 /* Debug */ = {
			isa = XCBuildConfiguration;
			buildSettings = {
				CODE_SIGN_STYLE = Automatic;
				PRODUCT_NAME = "$(TARGET_NAME)";
			};
			name = Debug;
		};
		30FAF36923168701008F3BF3 /* Release */ = {
			isa = XCBuildConfiguration;
			buildSettings = {
				CODE_SIGN_STYLE = Automatic;
				PRODUCT_NAME = "$(TARGET_NAME)";
			};
			name = Release;
		};
/* End XCBuildConfiguration section */

/* Begin XCConfigurationList section */
		3049A3A52321221100790895 /* Build configuration list for PBXNativeTarget "shame" */ = {
			isa = XCConfigurationList;
			buildConfigurations = (
				3049A3A32321221100790895 /* Debug */,
				3049A3A42321221100790895 /* Release */,
			);
			defaultConfigurationIsVisible = 0;
			defaultConfigurationName = Release;
		};
		30733D0E2344AD1600B3E832 /* Build configuration list for PBXNativeTarget "shame1" */ = {
			isa = XCConfigurationList;
			buildConfigurations = (
				30733D0F2344AD1600B3E832 /* Debug */,
				30733D102344AD1600B3E832 /* Release */,
			);
			defaultConfigurationIsVisible = 0;
			defaultConfigurationName = Release;
		};
		30FAF35B23168701008F3BF3 /* Build configuration list for PBXProject "codechef_fibonacci_number" */ = {
			isa = XCConfigurationList;
			buildConfigurations = (
				30FAF36523168701008F3BF3 /* Debug */,
				30FAF36623168701008F3BF3 /* Release */,
			);
			defaultConfigurationIsVisible = 0;
			defaultConfigurationName = Release;
		};
		30FAF36723168701008F3BF3 /* Build configuration list for PBXNativeTarget "codechef_fibonacci_number" */ = {
			isa = XCConfigurationList;
			buildConfigurations = (
				30FAF36823168701008F3BF3 /* Debug */,
				30FAF36923168701008F3BF3 /* Release */,
			);
			defaultConfigurationIsVisible = 0;
			defaultConfigurationName = Release;
		};
/* End XCConfigurationList section */
	};
	rootObject = 30FAF35823168700008F3BF3 /* Project object */;
}
